
Microsoft Visual Studio Solution File, Format Version 12.00
# Visual Studio Version 16
VisualStudioVersion = 16.0.30413.136
MinimumVisualStudioVersion = 10.0.40219.1
Project("{13B669BE-BB05-4DDF-9536-439F39A36129}") = "PilotSpeak", "PilotSpeak\PilotSpeak.msbuildproj", "{886B09D6-F6B2-40C9-9EDA-F4A6ACD4D1A5}"
EndProject
Project("{9A19103F-16F7-4668-BE54-9A1E7A4F7556}") = "PilotSpeak.Server", "PilotSpeak.Server\PilotSpeak.Server.csproj", "{F2E92140-CD9F-46BB-A94A-06E2D72042C0}"
EndProject
Project("{2150E333-8FDC-42A3-9474-1A3956D46DE8}") = "Solution Items", "Solution Items", "{F0C39682-AA0C-4CC9-9BAB-FE0BF7C36D8A}"
	ProjectSection(SolutionItems) = preProject
		.editorconfig = .editorconfig
		..\README.md = ..\README.md
	EndProjectSection
EndProject
Global
	GlobalSection(SolutionConfigurationPlatforms) = preSolution
		Debug|Any CPU = Debug|Any CPU
		Release|Any CPU = Release|Any CPU
	EndGlobalSection
	GlobalSection(ProjectConfigurationPlatforms) = postSolution
		{886B09D6-F6B2-40C9-9EDA-F4A6ACD4D1A5}.Debug|Any CPU.ActiveCfg = Debug|Any CPU
		{886B09D6-F6B2-40C9-9EDA-F4A6ACD4D1A5}.Debug|Any CPU.Build.0 = Debug|Any CPU
		{886B09D6-F6B2-40C9-9EDA-F4A6ACD4D1A5}.Release|Any CPU.ActiveCfg = Release|Any CPU
		{886B09D6-F6B2-40C9-9EDA-F4A6ACD4D1A5}.Release|Any CPU.Build.0 = Release|Any CPU
		{F2E92140-CD9F-46BB-A94A-06E2D72042C0}.Debug|Any CPU.ActiveCfg = Debug|Any CPU
		{F2E92140-CD9F-46BB-A94A-06E2D72042C0}.Debug|Any CPU.Build.0 = Debug|Any CPU
		{F2E92140-CD9F-46BB-A94A-06E2D72042C0}.Release|Any CPU.ActiveCfg = Release|Any CPU
		{F2E92140-CD9F-46BB-A94A-06E2D72042C0}.Release|Any CPU.Build.0 = Release|Any CPU
	EndGlobalSection
	GlobalSection(SolutionProperties) = preSolution
		HideSolutionNode = FALSE
	EndGlobalSection
	GlobalSection(ExtensibilityGlobals) = postSolution
		SolutionGuid = {56471078-4775-4077-8A2E-675DEA936AE0}
	EndGlobalSection
EndGlobal
